
Microsoft Visual Studio Solution File, Format Version 12.00
# Visual Studio 15
VisualStudioVersion = 15.0.28307.106
MinimumVisualStudioVersion = 10.0.40219.1
Project("{FAE04EC0-301F-11D3-BF4B-00C04F79EFBC}") = "streamdeck-chatpager", "streamdeck-chatpager\streamdeck-chatpager.csproj", "{D4609600-2469-47DC-A7C0-5D654E708BD3}"
EndProject
Global
	GlobalSection(SolutionConfigurationPlatforms) = preSolution
		Debug|Any CPU = Debug|Any CPU
		Release|Any CPU = Release|Any CPU
	EndGlobalSection
	GlobalSection(ProjectConfigurationPlatforms) = postSolution
		{D4609600-2469-47DC-A7C0-5D654E708BD3}.Debug|Any CPU.ActiveCfg = Debug|Any CPU
		{D4609600-2469-47DC-A7C0-5D654E708BD3}.Debug|Any CPU.Build.0 = Debug|Any CPU
		{D4609600-2469-47DC-A7C0-5D654E708BD3}.Release|Any CPU.ActiveCfg = Release|Any CPU
		{D4609600-2469-47DC-A7C0-5D654E708BD3}.Release|Any CPU.Build.0 = Release|Any CPU
	EndGlobalSection
	GlobalSection(SolutionProperties) = preSolution
		HideSolutionNode = FALSE
	EndGlobalSection
	GlobalSection(ExtensibilityGlobals) = postSolution
		SolutionGuid = {86E6487A-2095-4B45-B142-4A879471EA6C}
	EndGlobalSection
EndGlobal
