
Microsoft Visual Studio Solution File, Format Version 12.00
# Visual Studio Version 16
VisualStudioVersion = 16.0.29905.134
MinimumVisualStudioVersion = 10.0.40219.1
Project("{9A19103F-16F7-4668-BE54-9A1E7A4F7556}") = "TwitchTools", "streamdeck-chatpager\TwitchTools.csproj", "{D4609600-2469-47DC-A7C0-5D654E708BD3}"
EndProject
Project("{9A19103F-16F7-4668-BE54-9A1E7A4F7556}") = "TwitchLib.PubSub", "..\TwitchLib.PubSub\TwitchLib.PubSub\TwitchLib.PubSub.csproj", "{6F2F830D-E7E0-4592-BB05-6BF56382079F}"
EndProject
Project("{FAE04EC0-301F-11D3-BF4B-00C04F79EFBC}") = "AudioUtils", "AudioUtils\AudioUtils.csproj", "{52B07875-82FA-465C-9A90-185CE837C604}"
EndProject
Project("{FAE04EC0-301F-11D3-BF4B-00C04F79EFBC}") = "PickersUtil", "PickersUtil\PickersUtil.csproj", "{98910C19-2C0C-4248-84C6-843BE6EAB890}"
EndProject
Global
	GlobalSection(SolutionConfigurationPlatforms) = preSolution
		Debug|Any CPU = Debug|Any CPU
		Release|Any CPU = Release|Any CPU
	EndGlobalSection
	GlobalSection(ProjectConfigurationPlatforms) = postSolution
		{D4609600-2469-47DC-A7C0-5D654E708BD3}.Debug|Any CPU.ActiveCfg = Debug|Any CPU
		{D4609600-2469-47DC-A7C0-5D654E708BD3}.Debug|Any CPU.Build.0 = Debug|Any CPU
		{D4609600-2469-47DC-A7C0-5D654E708BD3}.Release|Any CPU.ActiveCfg = Release|Any CPU
		{D4609600-2469-47DC-A7C0-5D654E708BD3}.Release|Any CPU.Build.0 = Release|Any CPU
		{6F2F830D-E7E0-4592-BB05-6BF56382079F}.Debug|Any CPU.ActiveCfg = Debug|Any CPU
		{6F2F830D-E7E0-4592-BB05-6BF56382079F}.Debug|Any CPU.Build.0 = Debug|Any CPU
		{6F2F830D-E7E0-4592-BB05-6BF56382079F}.Release|Any CPU.ActiveCfg = Release|Any CPU
		{6F2F830D-E7E0-4592-BB05-6BF56382079F}.Release|Any CPU.Build.0 = Release|Any CPU
		{52B07875-82FA-465C-9A90-185CE837C604}.Debug|Any CPU.ActiveCfg = Debug|Any CPU
		{52B07875-82FA-465C-9A90-185CE837C604}.Debug|Any CPU.Build.0 = Debug|Any CPU
		{52B07875-82FA-465C-9A90-185CE837C604}.Release|Any CPU.ActiveCfg = Release|Any CPU
		{52B07875-82FA-465C-9A90-185CE837C604}.Release|Any CPU.Build.0 = Release|Any CPU
		{98910C19-2C0C-4248-84C6-843BE6EAB890}.Debug|Any CPU.ActiveCfg = Debug|Any CPU
		{98910C19-2C0C-4248-84C6-843BE6EAB890}.Debug|Any CPU.Build.0 = Debug|Any CPU
		{98910C19-2C0C-4248-84C6-843BE6EAB890}.Release|Any CPU.ActiveCfg = Release|Any CPU
		{98910C19-2C0C-4248-84C6-843BE6EAB890}.Release|Any CPU.Build.0 = Release|Any CPU
	EndGlobalSection
	GlobalSection(SolutionProperties) = preSolution
		HideSolutionNode = FALSE
	EndGlobalSection
	GlobalSection(ExtensibilityGlobals) = postSolution
		SolutionGuid = {86E6487A-2095-4B45-B142-4A879471EA6C}
	EndGlobalSection
EndGlobal
